// !$*UTF8*$!
{
	archiveVersion = 1;
	classes = {
	};
	objectVersion = 46;
	objects = {

/* Begin PBXBuildFile section */
		0A1952CA1D3309150036BB39 /* TileView.swift in Sources */ = {isa = PBXBuildFile; fileRef = 0A1952C91D3309150036BB39 /* TileView.swift */; };
		0A1952CC1D3309400036BB39 /* Localizable.strings in Resources */ = {isa = PBXBuildFile; fileRef = 0A1952CB1D3309400036BB39 /* Localizable.strings */; };
		0A40574D1CE10A35003BFE7C /* AppDelegate.swift in Sources */ = {isa = PBXBuildFile; fileRef = 0A40574C1CE10A35003BFE7C /* AppDelegate.swift */; };
		0A40574F1CE10A35003BFE7C /* ViewController.swift in Sources */ = {isa = PBXBuildFile; fileRef = 0A40574E1CE10A35003BFE7C /* ViewController.swift */; };
		0A4057521CE10A35003BFE7C /* Main.storyboard in Resources */ = {isa = PBXBuildFile; fileRef = 0A4057501CE10A35003BFE7C /* Main.storyboard */; };
		0A4057541CE10A35003BFE7C /* Assets.xcassets in Resources */ = {isa = PBXBuildFile; fileRef = 0A4057531CE10A35003BFE7C /* Assets.xcassets */; };
		0A4057571CE10A35003BFE7C /* LaunchScreen.storyboard in Resources */ = {isa = PBXBuildFile; fileRef = 0A4057551CE10A35003BFE7C /* LaunchScreen.storyboard */; };
		0A4057601CE1111D003BFE7C /* Tile.swift in Sources */ = {isa = PBXBuildFile; fileRef = 0A40575F1CE1111D003BFE7C /* Tile.swift */; };
		0A6EEB3A1D14620800F10DAC /* CropImageToParts.swift in Sources */ = {isa = PBXBuildFile; fileRef = 0A6EEB391D14620800F10DAC /* CropImageToParts.swift */; };
		0A7F51171D219D8300C00DE5 /* ProgressCircleView.swift in Sources */ = {isa = PBXBuildFile; fileRef = 0A7F51161D219D8300C00DE5 /* ProgressCircleView.swift */; };
/* End PBXBuildFile section */

/* Begin PBXFileReference section */
		0A1952C91D3309150036BB39 /* TileView.swift */ = {isa = PBXFileReference; fileEncoding = 4; lastKnownFileType = sourcecode.swift; path = TileView.swift; sourceTree = "<group>"; };
		0A1952CB1D3309400036BB39 /* Localizable.strings */ = {isa = PBXFileReference; fileEncoding = 4; lastKnownFileType = text.plist.strings; path = Localizable.strings; sourceTree = "<group>"; };
		0A4057491CE10A35003BFE7C /* patnactka.app */ = {isa = PBXFileReference; explicitFileType = wrapper.application; includeInIndex = 0; path = patnactka.app; sourceTree = BUILT_PRODUCTS_DIR; };
		0A40574C1CE10A35003BFE7C /* AppDelegate.swift */ = {isa = PBXFileReference; lastKnownFileType = sourcecode.swift; name = AppDelegate.swift; path = patnactka/AppDelegate.swift; sourceTree = "<group>"; };
		0A40574E1CE10A35003BFE7C /* ViewController.swift */ = {isa = PBXFileReference; lastKnownFileType = sourcecode.swift; path = ViewController.swift; sourceTree = "<group>"; };
		0A4057511CE10A35003BFE7C /* Base */ = {isa = PBXFileReference; lastKnownFileType = file.storyboard; name = Base; path = Base.lproj/Main.storyboard; sourceTree = "<group>"; };
		0A4057531CE10A35003BFE7C /* Assets.xcassets */ = {isa = PBXFileReference; lastKnownFileType = folder.assetcatalog; path = Assets.xcassets; sourceTree = "<group>"; };
		0A4057561CE10A35003BFE7C /* Base */ = {isa = PBXFileReference; lastKnownFileType = file.storyboard; name = Base; path = Base.lproj/LaunchScreen.storyboard; sourceTree = "<group>"; };
		0A4057581CE10A35003BFE7C /* Info.plist */ = {isa = PBXFileReference; lastKnownFileType = text.plist.xml; path = Info.plist; sourceTree = "<group>"; };
		0A40575F1CE1111D003BFE7C /* Tile.swift */ = {isa = PBXFileReference; fileEncoding = 4; lastKnownFileType = sourcecode.swift; path = Tile.swift; sourceTree = "<group>"; };
		0A6EEB391D14620800F10DAC /* CropImageToParts.swift */ = {isa = PBXFileReference; fileEncoding = 4; lastKnownFileType = sourcecode.swift; path = CropImageToParts.swift; sourceTree = "<group>"; };
		0A7F51161D219D8300C00DE5 /* ProgressCircleView.swift */ = {isa = PBXFileReference; fileEncoding = 4; lastKnownFileType = sourcecode.swift; path = ProgressCircleView.swift; sourceTree = "<group>"; };
/* End PBXFileReference section */

/* Begin PBXFrameworksBuildPhase section */
		0A4057461CE10A35003BFE7C /* Frameworks */ = {
			isa = PBXFrameworksBuildPhase;
			buildActionMask = 2147483647;
			files = (
			);
			runOnlyForDeploymentPostprocessing = 0;
		};
/* End PBXFrameworksBuildPhase section */

/* Begin PBXGroup section */
		0A4057401CE10A35003BFE7C = {
			isa = PBXGroup;
			children = (
				0A40574B1CE10A35003BFE7C /* patnactka */,
				0A40574A1CE10A35003BFE7C /* Products */,
			);
			sourceTree = "<group>";
		};
		0A40574A1CE10A35003BFE7C /* Products */ = {
			isa = PBXGroup;
			children = (
				0A4057491CE10A35003BFE7C /* patnactka.app */,
			);
			name = Products;
			sourceTree = "<group>";
		};
		0A40574B1CE10A35003BFE7C /* patnactka */ = {
			isa = PBXGroup;
			children = (
				0A40575E1CE10D1B003BFE7C /* unused */,
				0A40574E1CE10A35003BFE7C /* ViewController.swift */,
				0A40575F1CE1111D003BFE7C /* Tile.swift */,
				0A1952C91D3309150036BB39 /* TileView.swift */,
				0A6EEB391D14620800F10DAC /* CropImageToParts.swift */,
				0A7F51161D219D8300C00DE5 /* ProgressCircleView.swift */,
				0A4057531CE10A35003BFE7C /* Assets.xcassets */,
				0A4057581CE10A35003BFE7C /* Info.plist */,
				0A1952CB1D3309400036BB39 /* Localizable.strings */,
			);
			path = patnactka;
			sourceTree = "<group>";
		};
		0A40575E1CE10D1B003BFE7C /* unused */ = {
			isa = PBXGroup;
			children = (
				0A40574C1CE10A35003BFE7C /* AppDelegate.swift */,
				0A4057501CE10A35003BFE7C /* Main.storyboard */,
				0A4057551CE10A35003BFE7C /* LaunchScreen.storyboard */,
			);
			name = unused;
			path = ..;
			sourceTree = "<group>";
		};
/* End PBXGroup section */

/* Begin PBXNativeTarget section */
		0A4057481CE10A35003BFE7C /* patnactka */ = {
			isa = PBXNativeTarget;
			buildConfigurationList = 0A40575B1CE10A35003BFE7C /* Build configuration list for PBXNativeTarget "patnactka" */;
			buildPhases = (
				0A4057451CE10A35003BFE7C /* Sources */,
				0A4057461CE10A35003BFE7C /* Frameworks */,
				0A4057471CE10A35003BFE7C /* Resources */,
			);
			buildRules = (
			);
			dependencies = (
			);
			name = patnactka;
			productName = patnactka;
			productReference = 0A4057491CE10A35003BFE7C /* patnactka.app */;
			productType = "com.apple.product-type.application";
		};
/* End PBXNativeTarget section */

/* Begin PBXProject section */
		0A4057411CE10A35003BFE7C /* Project object */ = {
			isa = PBXProject;
			attributes = {
				LastSwiftUpdateCheck = 0730;
				LastUpgradeCheck = 0730;
				ORGANIZATIONNAME = "Radim Langer";
				TargetAttributes = {
					0A4057481CE10A35003BFE7C = {
						CreatedOnToolsVersion = 7.3.1;
						DevelopmentTeam = XAPRAVT2VF;
					};
				};
			};
			buildConfigurationList = 0A4057441CE10A35003BFE7C /* Build configuration list for PBXProject "patnactka" */;
			compatibilityVersion = "Xcode 3.2";
			developmentRegion = English;
			hasScannedForEncodings = 0;
			knownRegions = (
				en,
				Base,
			);
			mainGroup = 0A4057401CE10A35003BFE7C;
			productRefGroup = 0A40574A1CE10A35003BFE7C /* Products */;
			projectDirPath = "";
			projectRoot = "";
			targets = (
				0A4057481CE10A35003BFE7C /* patnactka */,
			);
		};
/* End PBXProject section */

/* Begin PBXResourcesBuildPhase section */
		0A4057471CE10A35003BFE7C /* Resources */ = {
			isa = PBXResourcesBuildPhase;
			buildActionMask = 2147483647;
			files = (
				0A4057571CE10A35003BFE7C /* LaunchScreen.storyboard in Resources */,
				0A1952CC1D3309400036BB39 /* Localizable.strings in Resources */,
				0A4057541CE10A35003BFE7C /* Assets.xcassets in Resources */,
				0A4057521CE10A35003BFE7C /* Main.storyboard in Resources */,
			);
			runOnlyForDeploymentPostprocessing = 0;
		};
/* End PBXResourcesBuildPhase section */

/* Begin PBXSourcesBuildPhase section */
		0A4057451CE10A35003BFE7C /* Sources */ = {
			isa = PBXSourcesBuildPhase;
			buildActionMask = 2147483647;
			files = (
				0A40574F1CE10A35003BFE7C /* ViewController.swift in Sources */,
				0A7F51171D219D8300C00DE5 /* ProgressCircleView.swift in Sources */,
				0A6EEB3A1D14620800F10DAC /* CropImageToParts.swift in Sources */,
				0A40574D1CE10A35003BFE7C /* AppDelegate.swift in Sources */,
				0A1952CA1D3309150036BB39 /* TileView.swift in Sources */,
				0A4057601CE1111D003BFE7C /* Tile.swift in Sources */,
			);
			runOnlyForDeploymentPostprocessing = 0;
		};
/* End PBXSourcesBuildPhase section */

/* Begin PBXVariantGroup section */
		0A4057501CE10A35003BFE7C /* Main.storyboard */ = {
			isa = PBXVariantGroup;
			children = (
				0A4057511CE10A35003BFE7C /* Base */,
			);
			name = Main.storyboard;
			path = patnactka;
			sourceTree = "<group>";
		};
		0A4057551CE10A35003BFE7C /* LaunchScreen.storyboard */ = {
			isa = PBXVariantGroup;
			children = (
				0A4057561CE10A35003BFE7C /* Base */,
			);
			name = LaunchScreen.storyboard;
			path = patnactka;
			sourceTree = "<group>";
		};
/* End PBXVariantGroup section */

/* Begin XCBuildConfiguration section */
		0A4057591CE10A35003BFE7C /* Debug */ = {
			isa = XCBuildConfiguration;
			buildSettings = {
				ALWAYS_SEARCH_USER_PATHS = NO;
				CLANG_ANALYZER_NONNULL = YES;
				CLANG_CXX_LANGUAGE_STANDARD = "gnu++0x";
				CLANG_CXX_LIBRARY = "libc++";
				CLANG_ENABLE_MODULES = YES;
				CLANG_ENABLE_OBJC_ARC = YES;
				CLANG_WARN_BOOL_CONVERSION = YES;
				CLANG_WARN_CONSTANT_CONVERSION = YES;
				CLANG_WARN_DIRECT_OBJC_ISA_USAGE = YES_ERROR;
				CLANG_WARN_EMPTY_BODY = YES;
				CLANG_WARN_ENUM_CONVERSION = YES;
				CLANG_WARN_INT_CONVERSION = YES;
				CLANG_WARN_OBJC_ROOT_CLASS = YES_ERROR;
				CLANG_WARN_UNREACHABLE_CODE = YES;
				CLANG_WARN__DUPLICATE_METHOD_MATCH = YES;
				"CODE_SIGN_IDENTITY[sdk=iphoneos*]" = "iPhone Developer";
				COPY_PHASE_STRIP = NO;
				DEBUG_INFORMATION_FORMAT = dwarf;
				ENABLE_STRICT_OBJC_MSGSEND = YES;
				ENABLE_TESTABILITY = YES;
				GCC_C_LANGUAGE_STANDARD = gnu99;
				GCC_DYNAMIC_NO_PIC = NO;
				GCC_NO_COMMON_BLOCKS = YES;
				GCC_OPTIMIZATION_LEVEL = 0;
				GCC_PREPROCESSOR_DEFINITIONS = (
					"DEBUG=1",
					"$(inherited)",
				);
				GCC_WARN_64_TO_32_BIT_CONVERSION = YES;
				GCC_WARN_ABOUT_RETURN_TYPE = YES_ERROR;
				GCC_WARN_UNDECLARED_SELECTOR = YES;
				GCC_WARN_UNINITIALIZED_AUTOS = YES_AGGRESSIVE;
				GCC_WARN_UNUSED_FUNCTION = YES;
				GCC_WARN_UNUSED_VARIABLE = YES;
				IPHONEOS_DEPLOYMENT_TARGET = 9.3;
				MTL_ENABLE_DEBUG_INFO = YES;
				ONLY_ACTIVE_ARCH = YES;
				SDKROOT = iphoneos;
				SWIFT_OPTIMIZATION_LEVEL = "-Onone";
				TARGETED_DEVICE_FAMILY = "1,2";
			};
			name = Debug;
		};
		0A40575A1CE10A35003BFE7C /* Release */ = {
			isa = XCBuildConfiguration;
			buildSettings = {
				ALWAYS_SEARCH_USER_PATHS = NO;
				CLANG_ANALYZER_NONNULL = YES;
				CLANG_CXX_LANGUAGE_STANDARD = "gnu++0x";
				CLANG_CXX_LIBRARY = "libc++";
				CLANG_ENABLE_MODULES = YES;
				CLANG_ENABLE_OBJC_ARC = YES;
				CLANG_WARN_BOOL_CONVERSION = YES;
				CLANG_WARN_CONSTANT_CONVERSION = YES;
				CLANG_WARN_DIRECT_OBJC_ISA_USAGE = YES_ERROR;
				CLANG_WARN_EMPTY_BODY = YES;
				CLANG_WARN_ENUM_CONVERSION = YES;
				CLANG_WARN_INT_CONVERSION = YES;
				CLANG_WARN_OBJC_ROOT_CLASS = YES_ERROR;
				CLANG_WARN_UNREACHABLE_CODE = YES;
				CLANG_WARN__DUPLICATE_METHOD_MATCH = YES;
				"CODE_SIGN_IDENTITY[sdk=iphoneos*]" = "iPhone Developer";
				COPY_PHASE_STRIP = NO;
				DEBUG_INFORMATION_FORMAT = "dwarf-with-dsym";
				ENABLE_NS_ASSERTIONS = NO;
				ENABLE_STRICT_OBJC_MSGSEND = YES;
				GCC_C_LANGUAGE_STANDARD = gnu99;
				GCC_NO_COMMON_BLOCKS = YES;
				GCC_WARN_64_TO_32_BIT_CONVERSION = YES;
				GCC_WARN_ABOUT_RETURN_TYPE = YES_ERROR;
				GCC_WARN_UNDECLARED_SELECTOR = YES;
				GCC_WARN_UNINITIALIZED_AUTOS = YES_AGGRESSIVE;
				GCC_WARN_UNUSED_FUNCTION = YES;
				GCC_WARN_UNUSED_VARIABLE = YES;
				IPHONEOS_DEPLOYMENT_TARGET = 9.3;
				MTL_ENABLE_DEBUG_INFO = NO;
				SDKROOT = iphoneos;
				TARGETED_DEVICE_FAMILY = "1,2";
				VALIDATE_PRODUCT = YES;
			};
			name = Release;
		};
		0A40575C1CE10A35003BFE7C /* Debug */ = {
			isa = XCBuildConfiguration;
			buildSettings = {
				ASSETCATALOG_COMPILER_APPICON_NAME = AppIcon;
				INFOPLIST_FILE = patnactka/Info.plist;
				LD_RUNPATH_SEARCH_PATHS = "$(inherited) @executable_path/Frameworks";
				PRODUCT_BUNDLE_IDENTIFIER = com.radimLanger.patnactka;
				PRODUCT_NAME = "$(TARGET_NAME)";
				TARGETED_DEVICE_FAMILY = "1,2";
			};
			name = Debug;
		};
		0A40575D1CE10A35003BFE7C /* Release */ = {
			isa = XCBuildConfiguration;
			buildSettings = {
				ASSETCATALOG_COMPILER_APPICON_NAME = AppIcon;
				INFOPLIST_FILE = patnactka/Info.plist;
				LD_RUNPATH_SEARCH_PATHS = "$(inherited) @executable_path/Frameworks";
				PRODUCT_BUNDLE_IDENTIFIER = com.radimLanger.patnactka;
				PRODUCT_NAME = "$(TARGET_NAME)";
				TARGETED_DEVICE_FAMILY = "1,2";
			};
			name = Release;
		};
/* End XCBuildConfiguration section */

/* Begin XCConfigurationList section */
		0A4057441CE10A35003BFE7C /* Build configuration list for PBXProject "patnactka" */ = {
			isa = XCConfigurationList;
			buildConfigurations = (
				0A4057591CE10A35003BFE7C /* Debug */,
				0A40575A1CE10A35003BFE7C /* Release */,
			);
			defaultConfigurationIsVisible = 0;
			defaultConfigurationName = Release;
		};
		0A40575B1CE10A35003BFE7C /* Build configuration list for PBXNativeTarget "patnactka" */ = {
			isa = XCConfigurationList;
			buildConfigurations = (
				0A40575C1CE10A35003BFE7C /* Debug */,
				0A40575D1CE10A35003BFE7C /* Release */,
			);
			defaultConfigurationIsVisible = 0;
			defaultConfigurationName = Release;
		};
/* End XCConfigurationList section */
	};
	rootObject = 0A4057411CE10A35003BFE7C /* Project object */;
}
